{
  "name": "concat_env_example",
  "version": "0.0.1",
  "lockfileVersion": 1,
  "requires": true,
  "dependencies": {
    "concat-env": {
      "version": "0.0.1",
      "resolved": "https://registry.npmjs.org/concat-env/-/concat-env-0.0.1.tgz",
      "integrity": "sha512-ifYJGf38MneUk+yjXO0PKxBVfRyymvDhEcFGkGY2rtHqlL6mMXueMe9b9jziJoZH+uUS14KhJoX+3v4BeI6Yfw=="
    }
  }
}
