{
  "name": "concat_env_example",
  "version": "0.0.1",
  "lockfileVersion": 1,
  "requires": true,
  "dependencies": {
    "concat-env": {
      "version": "0.0.2",
      "resolved": "https://registry.npmjs.org/concat-env/-/concat-env-0.0.2.tgz",
      "integrity": "sha512-NKENGLKhsexsSlj8GfstFnijJQDKR1ia1Ko9MJ1jfFS+TVB2jsiaAJWz2zS7EnkvEzvoM6un0E2zbpIxHskVvg=="
    }
  }
}
